
Microsoft Visual Studio Solution File, Format Version 12.00
# Visual Studio Version 17
VisualStudioVersion = 17.13.35919.96
MinimumVisualStudioVersion = 10.0.40219.1
Project("{FAE04EC0-301F-11D3-BF4B-00C04F79EFBC}") = "FolderSync", "FolderSync\FolderSync.csproj", "{CFE91C00-E6F4-4705-A445-0B5BC71E9CB4}"
EndProject
Project("{FAE04EC0-301F-11D3-BF4B-00C04F79EFBC}") = "FolderSyncTests", "FolderSyncTests\FolderSyncTests.csproj", "{B9F19820-BDBB-4A11-8213-5A438EACEE9A}"
EndProject
Global
	GlobalSection(SolutionConfigurationPlatforms) = preSolution
		Debug|Any CPU = Debug|Any CPU
		Release|Any CPU = Release|Any CPU
	EndGlobalSection
	GlobalSection(ProjectConfigurationPlatforms) = postSolution
		{CFE91C00-E6F4-4705-A445-0B5BC71E9CB4}.Debug|Any CPU.ActiveCfg = Debug|Any CPU
		{CFE91C00-E6F4-4705-A445-0B5BC71E9CB4}.Debug|Any CPU.Build.0 = Debug|Any CPU
		{CFE91C00-E6F4-4705-A445-0B5BC71E9CB4}.Release|Any CPU.ActiveCfg = Release|Any CPU
		{CFE91C00-E6F4-4705-A445-0B5BC71E9CB4}.Release|Any CPU.Build.0 = Release|Any CPU
		{B9F19820-BDBB-4A11-8213-5A438EACEE9A}.Debug|Any CPU.ActiveCfg = Debug|Any CPU
		{B9F19820-BDBB-4A11-8213-5A438EACEE9A}.Debug|Any CPU.Build.0 = Debug|Any CPU
		{B9F19820-BDBB-4A11-8213-5A438EACEE9A}.Release|Any CPU.ActiveCfg = Release|Any CPU
		{B9F19820-BDBB-4A11-8213-5A438EACEE9A}.Release|Any CPU.Build.0 = Release|Any CPU
	EndGlobalSection
	GlobalSection(SolutionProperties) = preSolution
		HideSolutionNode = FALSE
	EndGlobalSection
	GlobalSection(ExtensibilityGlobals) = postSolution
		SolutionGuid = {4877C0EA-F0CE-4377-AE52-3E129AB0E9FF}
	EndGlobalSection
EndGlobal
